
Microsoft Visual Studio Solution File, Format Version 10.00
# Visual Studio 2008
Project("{FAE04EC0-301F-11D3-BF4B-00C04F79EFBC}") = "ContentType", "src\ContentType.csproj", "{751EE3B6-89BA-4A2D-8A78-E9983FC6C521}"
EndProject
Project("{FAE04EC0-301F-11D3-BF4B-00C04F79EFBC}") = "ContentType.Test", "ContentType.Test\ContentType.Test.csproj", "{F771A09D-006F-452F-8452-90619CCCD4FC}"
EndProject
Global
	GlobalSection(SolutionConfigurationPlatforms) = preSolution
		Debug|Any CPU = Debug|Any CPU
		Release|Any CPU = Release|Any CPU
	EndGlobalSection
	GlobalSection(ProjectConfigurationPlatforms) = postSolution
		{751EE3B6-89BA-4A2D-8A78-E9983FC6C521}.Debug|Any CPU.ActiveCfg = Debug|Any CPU
		{751EE3B6-89BA-4A2D-8A78-E9983FC6C521}.Debug|Any CPU.Build.0 = Debug|Any CPU
		{751EE3B6-89BA-4A2D-8A78-E9983FC6C521}.Release|Any CPU.ActiveCfg = Release|Any CPU
		{751EE3B6-89BA-4A2D-8A78-E9983FC6C521}.Release|Any CPU.Build.0 = Release|Any CPU
		{F771A09D-006F-452F-8452-90619CCCD4FC}.Debug|Any CPU.ActiveCfg = Debug|Any CPU
		{F771A09D-006F-452F-8452-90619CCCD4FC}.Debug|Any CPU.Build.0 = Debug|Any CPU
		{F771A09D-006F-452F-8452-90619CCCD4FC}.Release|Any CPU.ActiveCfg = Release|Any CPU
		{F771A09D-006F-452F-8452-90619CCCD4FC}.Release|Any CPU.Build.0 = Release|Any CPU
	EndGlobalSection
	GlobalSection(SolutionProperties) = preSolution
		HideSolutionNode = FALSE
	EndGlobalSection
EndGlobal
